
Microsoft Visual Studio Solution File, Format Version 12.00
# Visual Studio Version 17
VisualStudioVersion = 17.5.002.0
MinimumVisualStudioVersion = 10.0.40219.1
Project("{9A19103F-16F7-4668-BE54-9A1E7A4F7556}") = "CCGGame", "CCGGame.csproj", "{6F0C70A6-5814-40AB-83F8-F4E8ABD39D17}"
EndProject
Global
	GlobalSection(SolutionConfigurationPlatforms) = preSolution
		Debug|Any CPU = Debug|Any CPU
		Release|Any CPU = Release|Any CPU
	EndGlobalSection
	GlobalSection(ProjectConfigurationPlatforms) = postSolution
		{6F0C70A6-5814-40AB-83F8-F4E8ABD39D17}.Debug|Any CPU.ActiveCfg = Debug|Any CPU
		{6F0C70A6-5814-40AB-83F8-F4E8ABD39D17}.Debug|Any CPU.Build.0 = Debug|Any CPU
		{6F0C70A6-5814-40AB-83F8-F4E8ABD39D17}.Release|Any CPU.ActiveCfg = Release|Any CPU
		{6F0C70A6-5814-40AB-83F8-F4E8ABD39D17}.Release|Any CPU.Build.0 = Release|Any CPU
	EndGlobalSection
	GlobalSection(SolutionProperties) = preSolution
		HideSolutionNode = FALSE
	EndGlobalSection
	GlobalSection(ExtensibilityGlobals) = postSolution
		SolutionGuid = {0AEBA5B3-A4F6-4D6E-9059-1F5A99A1D7B9}
	EndGlobalSection
EndGlobal
